// !$*UTF8*$!
{
	archiveVersion = 1;
	classes = {
	};
	objectVersion = 46;
	objects = {

/* Begin PBXBuildFile section */
		88120A8C1DEC39EF00DCB9C4 /* AppDelegate.swift in Sources */ = {isa = PBXBuildFile; fileRef = 88120A8B1DEC39EF00DCB9C4 /* AppDelegate.swift */; };
		88120A8E1DEC39EF00DCB9C4 /* ViewController.swift in Sources */ = {isa = PBXBuildFile; fileRef = 88120A8D1DEC39EF00DCB9C4 /* ViewController.swift */; };
		88120A911DEC39EF00DCB9C4 /* Main.storyboard in Resources */ = {isa = PBXBuildFile; fileRef = 88120A8F1DEC39EF00DCB9C4 /* Main.storyboard */; };
		88120A931DEC39EF00DCB9C4 /* Assets.xcassets in Resources */ = {isa = PBXBuildFile; fileRef = 88120A921DEC39EF00DCB9C4 /* Assets.xcassets */; };
		88120A961DEC39EF00DCB9C4 /* LaunchScreen.storyboard in Resources */ = {isa = PBXBuildFile; fileRef = 88120A941DEC39EF00DCB9C4 /* LaunchScreen.storyboard */; };
		88120AA11DEC39F000DCB9C4 /* App_iOS_Over_SceneTests.swift in Sources */ = {isa = PBXBuildFile; fileRef = 88120AA01DEC39F000DCB9C4 /* App_iOS_Over_SceneTests.swift */; };
		88120AAC1DEC39F000DCB9C4 /* App_iOS_Over_SceneUITests.swift in Sources */ = {isa = PBXBuildFile; fileRef = 88120AAB1DEC39F000DCB9C4 /* App_iOS_Over_SceneUITests.swift */; };
		88120ABA1DEC3F4400DCB9C4 /* AgendaSonoreTableViewController.swift in Sources */ = {isa = PBXBuildFile; fileRef = 88120AB91DEC3F4400DCB9C4 /* AgendaSonoreTableViewController.swift */; };
		88120ABD1DEC42EA00DCB9C4 /* Event.swift in Sources */ = {isa = PBXBuildFile; fileRef = 88120ABC1DEC42EA00DCB9C4 /* Event.swift */; };
		88120ABF1DEC494800DCB9C4 /* EventViewController.swift in Sources */ = {isa = PBXBuildFile; fileRef = 88120ABE1DEC494800DCB9C4 /* EventViewController.swift */; };
/* End PBXBuildFile section */

/* Begin PBXContainerItemProxy section */
		88120A9D1DEC39F000DCB9C4 /* PBXContainerItemProxy */ = {
			isa = PBXContainerItemProxy;
			containerPortal = 88120A801DEC39EF00DCB9C4 /* Project object */;
			proxyType = 1;
			remoteGlobalIDString = 88120A871DEC39EF00DCB9C4;
			remoteInfo = "App_iOS_Over-Scene";
		};
		88120AA81DEC39F000DCB9C4 /* PBXContainerItemProxy */ = {
			isa = PBXContainerItemProxy;
			containerPortal = 88120A801DEC39EF00DCB9C4 /* Project object */;
			proxyType = 1;
			remoteGlobalIDString = 88120A871DEC39EF00DCB9C4;
			remoteInfo = "App_iOS_Over-Scene";
		};
/* End PBXContainerItemProxy section */

/* Begin PBXFileReference section */
		88120A881DEC39EF00DCB9C4 /* App_iOS_Over-Scene.app */ = {isa = PBXFileReference; explicitFileType = wrapper.application; includeInIndex = 0; path = "App_iOS_Over-Scene.app"; sourceTree = BUILT_PRODUCTS_DIR; };
		88120A8B1DEC39EF00DCB9C4 /* AppDelegate.swift */ = {isa = PBXFileReference; lastKnownFileType = sourcecode.swift; path = AppDelegate.swift; sourceTree = "<group>"; };
		88120A8D1DEC39EF00DCB9C4 /* ViewController.swift */ = {isa = PBXFileReference; lastKnownFileType = sourcecode.swift; path = ViewController.swift; sourceTree = "<group>"; };
		88120A901DEC39EF00DCB9C4 /* Base */ = {isa = PBXFileReference; lastKnownFileType = file.storyboard; name = Base; path = Base.lproj/Main.storyboard; sourceTree = "<group>"; };
		88120A921DEC39EF00DCB9C4 /* Assets.xcassets */ = {isa = PBXFileReference; lastKnownFileType = folder.assetcatalog; path = Assets.xcassets; sourceTree = "<group>"; };
		88120A951DEC39EF00DCB9C4 /* Base */ = {isa = PBXFileReference; lastKnownFileType = file.storyboard; name = Base; path = Base.lproj/LaunchScreen.storyboard; sourceTree = "<group>"; };
		88120A971DEC39EF00DCB9C4 /* Info.plist */ = {isa = PBXFileReference; lastKnownFileType = text.plist.xml; path = Info.plist; sourceTree = "<group>"; };
		88120A9C1DEC39F000DCB9C4 /* App_iOS_Over-SceneTests.xctest */ = {isa = PBXFileReference; explicitFileType = wrapper.cfbundle; includeInIndex = 0; path = "App_iOS_Over-SceneTests.xctest"; sourceTree = BUILT_PRODUCTS_DIR; };
		88120AA01DEC39F000DCB9C4 /* App_iOS_Over_SceneTests.swift */ = {isa = PBXFileReference; lastKnownFileType = sourcecode.swift; path = App_iOS_Over_SceneTests.swift; sourceTree = "<group>"; };
		88120AA21DEC39F000DCB9C4 /* Info.plist */ = {isa = PBXFileReference; lastKnownFileType = text.plist.xml; path = Info.plist; sourceTree = "<group>"; };
		88120AA71DEC39F000DCB9C4 /* App_iOS_Over-SceneUITests.xctest */ = {isa = PBXFileReference; explicitFileType = wrapper.cfbundle; includeInIndex = 0; path = "App_iOS_Over-SceneUITests.xctest"; sourceTree = BUILT_PRODUCTS_DIR; };
		88120AAB1DEC39F000DCB9C4 /* App_iOS_Over_SceneUITests.swift */ = {isa = PBXFileReference; lastKnownFileType = sourcecode.swift; path = App_iOS_Over_SceneUITests.swift; sourceTree = "<group>"; };
		88120AAD1DEC39F000DCB9C4 /* Info.plist */ = {isa = PBXFileReference; lastKnownFileType = text.plist.xml; path = Info.plist; sourceTree = "<group>"; };
		88120AB91DEC3F4400DCB9C4 /* AgendaSonoreTableViewController.swift */ = {isa = PBXFileReference; fileEncoding = 4; lastKnownFileType = sourcecode.swift; path = AgendaSonoreTableViewController.swift; sourceTree = "<group>"; };
		88120ABC1DEC42EA00DCB9C4 /* Event.swift */ = {isa = PBXFileReference; fileEncoding = 4; lastKnownFileType = sourcecode.swift; name = Event.swift; path = Model/Event.swift; sourceTree = "<group>"; };
		88120ABE1DEC494800DCB9C4 /* EventViewController.swift */ = {isa = PBXFileReference; fileEncoding = 4; lastKnownFileType = sourcecode.swift; path = EventViewController.swift; sourceTree = "<group>"; };
/* End PBXFileReference section */

/* Begin PBXFrameworksBuildPhase section */
		88120A851DEC39EF00DCB9C4 /* Frameworks */ = {
			isa = PBXFrameworksBuildPhase;
			buildActionMask = 2147483647;
			files = (
			);
			runOnlyForDeploymentPostprocessing = 0;
		};
		88120A991DEC39F000DCB9C4 /* Frameworks */ = {
			isa = PBXFrameworksBuildPhase;
			buildActionMask = 2147483647;
			files = (
			);
			runOnlyForDeploymentPostprocessing = 0;
		};
		88120AA41DEC39F000DCB9C4 /* Frameworks */ = {
			isa = PBXFrameworksBuildPhase;
			buildActionMask = 2147483647;
			files = (
			);
			runOnlyForDeploymentPostprocessing = 0;
		};
/* End PBXFrameworksBuildPhase section */

/* Begin PBXGroup section */
		88120A7F1DEC39EF00DCB9C4 = {
			isa = PBXGroup;
			children = (
				88120A8A1DEC39EF00DCB9C4 /* App_iOS_Over-Scene */,
				88120A9F1DEC39F000DCB9C4 /* App_iOS_Over-SceneTests */,
				88120AAA1DEC39F000DCB9C4 /* App_iOS_Over-SceneUITests */,
				88120A891DEC39EF00DCB9C4 /* Products */,
			);
			sourceTree = "<group>";
		};
		88120A891DEC39EF00DCB9C4 /* Products */ = {
			isa = PBXGroup;
			children = (
				88120A881DEC39EF00DCB9C4 /* App_iOS_Over-Scene.app */,
				88120A9C1DEC39F000DCB9C4 /* App_iOS_Over-SceneTests.xctest */,
				88120AA71DEC39F000DCB9C4 /* App_iOS_Over-SceneUITests.xctest */,
			);
			name = Products;
			sourceTree = "<group>";
		};
		88120A8A1DEC39EF00DCB9C4 /* App_iOS_Over-Scene */ = {
			isa = PBXGroup;
			children = (
				88120ABB1DEC42C900DCB9C4 /* Model */,
				88120A8B1DEC39EF00DCB9C4 /* AppDelegate.swift */,
				88120A8D1DEC39EF00DCB9C4 /* ViewController.swift */,
				88120ABE1DEC494800DCB9C4 /* EventViewController.swift */,
				88120A8F1DEC39EF00DCB9C4 /* Main.storyboard */,
				88120A921DEC39EF00DCB9C4 /* Assets.xcassets */,
				88120A941DEC39EF00DCB9C4 /* LaunchScreen.storyboard */,
				88120A971DEC39EF00DCB9C4 /* Info.plist */,
				88120AB91DEC3F4400DCB9C4 /* AgendaSonoreTableViewController.swift */,
			);
			path = "App_iOS_Over-Scene";
			sourceTree = "<group>";
		};
		88120A9F1DEC39F000DCB9C4 /* App_iOS_Over-SceneTests */ = {
			isa = PBXGroup;
			children = (
				88120AA01DEC39F000DCB9C4 /* App_iOS_Over_SceneTests.swift */,
				88120AA21DEC39F000DCB9C4 /* Info.plist */,
			);
			path = "App_iOS_Over-SceneTests";
			sourceTree = "<group>";
		};
		88120AAA1DEC39F000DCB9C4 /* App_iOS_Over-SceneUITests */ = {
			isa = PBXGroup;
			children = (
				88120AAB1DEC39F000DCB9C4 /* App_iOS_Over_SceneUITests.swift */,
				88120AAD1DEC39F000DCB9C4 /* Info.plist */,
			);
			path = "App_iOS_Over-SceneUITests";
			sourceTree = "<group>";
		};
		88120ABB1DEC42C900DCB9C4 /* Model */ = {
			isa = PBXGroup;
			children = (
				88120ABC1DEC42EA00DCB9C4 /* Event.swift */,
			);
			name = Model;
			sourceTree = "<group>";
		};
/* End PBXGroup section */

/* Begin PBXNativeTarget section */
		88120A871DEC39EF00DCB9C4 /* App_iOS_Over-Scene */ = {
			isa = PBXNativeTarget;
			buildConfigurationList = 88120AB01DEC39F000DCB9C4 /* Build configuration list for PBXNativeTarget "App_iOS_Over-Scene" */;
			buildPhases = (
				88120A841DEC39EF00DCB9C4 /* Sources */,
				88120A851DEC39EF00DCB9C4 /* Frameworks */,
				88120A861DEC39EF00DCB9C4 /* Resources */,
			);
			buildRules = (
			);
			dependencies = (
			);
			name = "App_iOS_Over-Scene";
			productName = "App_iOS_Over-Scene";
			productReference = 88120A881DEC39EF00DCB9C4 /* App_iOS_Over-Scene.app */;
			productType = "com.apple.product-type.application";
		};
		88120A9B1DEC39F000DCB9C4 /* App_iOS_Over-SceneTests */ = {
			isa = PBXNativeTarget;
			buildConfigurationList = 88120AB31DEC39F000DCB9C4 /* Build configuration list for PBXNativeTarget "App_iOS_Over-SceneTests" */;
			buildPhases = (
				88120A981DEC39F000DCB9C4 /* Sources */,
				88120A991DEC39F000DCB9C4 /* Frameworks */,
				88120A9A1DEC39F000DCB9C4 /* Resources */,
			);
			buildRules = (
			);
			dependencies = (
				88120A9E1DEC39F000DCB9C4 /* PBXTargetDependency */,
			);
			name = "App_iOS_Over-SceneTests";
			productName = "App_iOS_Over-SceneTests";
			productReference = 88120A9C1DEC39F000DCB9C4 /* App_iOS_Over-SceneTests.xctest */;
			productType = "com.apple.product-type.bundle.unit-test";
		};
		88120AA61DEC39F000DCB9C4 /* App_iOS_Over-SceneUITests */ = {
			isa = PBXNativeTarget;
			buildConfigurationList = 88120AB61DEC39F000DCB9C4 /* Build configuration list for PBXNativeTarget "App_iOS_Over-SceneUITests" */;
			buildPhases = (
				88120AA31DEC39F000DCB9C4 /* Sources */,
				88120AA41DEC39F000DCB9C4 /* Frameworks */,
				88120AA51DEC39F000DCB9C4 /* Resources */,
			);
			buildRules = (
			);
			dependencies = (
				88120AA91DEC39F000DCB9C4 /* PBXTargetDependency */,
			);
			name = "App_iOS_Over-SceneUITests";
			productName = "App_iOS_Over-SceneUITests";
			productReference = 88120AA71DEC39F000DCB9C4 /* App_iOS_Over-SceneUITests.xctest */;
			productType = "com.apple.product-type.bundle.ui-testing";
		};
/* End PBXNativeTarget section */

/* Begin PBXProject section */
		88120A801DEC39EF00DCB9C4 /* Project object */ = {
			isa = PBXProject;
			attributes = {
				LastSwiftUpdateCheck = 0800;
				LastUpgradeCheck = 0800;
				ORGANIZATIONNAME = imac;
				TargetAttributes = {
					88120A871DEC39EF00DCB9C4 = {
						CreatedOnToolsVersion = 8.0;
						ProvisioningStyle = Automatic;
					};
					88120A9B1DEC39F000DCB9C4 = {
						CreatedOnToolsVersion = 8.0;
						ProvisioningStyle = Automatic;
						TestTargetID = 88120A871DEC39EF00DCB9C4;
					};
					88120AA61DEC39F000DCB9C4 = {
						CreatedOnToolsVersion = 8.0;
						ProvisioningStyle = Automatic;
						TestTargetID = 88120A871DEC39EF00DCB9C4;
					};
				};
			};
			buildConfigurationList = 88120A831DEC39EF00DCB9C4 /* Build configuration list for PBXProject "App_iOS_Over-Scene" */;
			compatibilityVersion = "Xcode 3.2";
			developmentRegion = English;
			hasScannedForEncodings = 0;
			knownRegions = (
				en,
				Base,
			);
			mainGroup = 88120A7F1DEC39EF00DCB9C4;
			productRefGroup = 88120A891DEC39EF00DCB9C4 /* Products */;
			projectDirPath = "";
			projectRoot = "";
			targets = (
				88120A871DEC39EF00DCB9C4 /* App_iOS_Over-Scene */,
				88120A9B1DEC39F000DCB9C4 /* App_iOS_Over-SceneTests */,
				88120AA61DEC39F000DCB9C4 /* App_iOS_Over-SceneUITests */,
			);
		};
/* End PBXProject section */

/* Begin PBXResourcesBuildPhase section */
		88120A861DEC39EF00DCB9C4 /* Resources */ = {
			isa = PBXResourcesBuildPhase;
			buildActionMask = 2147483647;
			files = (
				88120A961DEC39EF00DCB9C4 /* LaunchScreen.storyboard in Resources */,
				88120A931DEC39EF00DCB9C4 /* Assets.xcassets in Resources */,
				88120A911DEC39EF00DCB9C4 /* Main.storyboard in Resources */,
			);
			runOnlyForDeploymentPostprocessing = 0;
		};
		88120A9A1DEC39F000DCB9C4 /* Resources */ = {
			isa = PBXResourcesBuildPhase;
			buildActionMask = 2147483647;
			files = (
			);
			runOnlyForDeploymentPostprocessing = 0;
		};
		88120AA51DEC39F000DCB9C4 /* Resources */ = {
			isa = PBXResourcesBuildPhase;
			buildActionMask = 2147483647;
			files = (
			);
			runOnlyForDeploymentPostprocessing = 0;
		};
/* End PBXResourcesBuildPhase section */

/* Begin PBXSourcesBuildPhase section */
		88120A841DEC39EF00DCB9C4 /* Sources */ = {
			isa = PBXSourcesBuildPhase;
			buildActionMask = 2147483647;
			files = (
				88120ABF1DEC494800DCB9C4 /* EventViewController.swift in Sources */,
				88120ABD1DEC42EA00DCB9C4 /* Event.swift in Sources */,
				88120A8E1DEC39EF00DCB9C4 /* ViewController.swift in Sources */,
				88120A8C1DEC39EF00DCB9C4 /* AppDelegate.swift in Sources */,
				88120ABA1DEC3F4400DCB9C4 /* AgendaSonoreTableViewController.swift in Sources */,
			);
			runOnlyForDeploymentPostprocessing = 0;
		};
		88120A981DEC39F000DCB9C4 /* Sources */ = {
			isa = PBXSourcesBuildPhase;
			buildActionMask = 2147483647;
			files = (
				88120AA11DEC39F000DCB9C4 /* App_iOS_Over_SceneTests.swift in Sources */,
			);
			runOnlyForDeploymentPostprocessing = 0;
		};
		88120AA31DEC39F000DCB9C4 /* Sources */ = {
			isa = PBXSourcesBuildPhase;
			buildActionMask = 2147483647;
			files = (
				88120AAC1DEC39F000DCB9C4 /* App_iOS_Over_SceneUITests.swift in Sources */,
			);
			runOnlyForDeploymentPostprocessing = 0;
		};
/* End PBXSourcesBuildPhase section */

/* Begin PBXTargetDependency section */
		88120A9E1DEC39F000DCB9C4 /* PBXTargetDependency */ = {
			isa = PBXTargetDependency;
			target = 88120A871DEC39EF00DCB9C4 /* App_iOS_Over-Scene */;
			targetProxy = 88120A9D1DEC39F000DCB9C4 /* PBXContainerItemProxy */;
		};
		88120AA91DEC39F000DCB9C4 /* PBXTargetDependency */ = {
			isa = PBXTargetDependency;
			target = 88120A871DEC39EF00DCB9C4 /* App_iOS_Over-Scene */;
			targetProxy = 88120AA81DEC39F000DCB9C4 /* PBXContainerItemProxy */;
		};
/* End PBXTargetDependency section */

/* Begin PBXVariantGroup section */
		88120A8F1DEC39EF00DCB9C4 /* Main.storyboard */ = {
			isa = PBXVariantGroup;
			children = (
				88120A901DEC39EF00DCB9C4 /* Base */,
			);
			name = Main.storyboard;
			sourceTree = "<group>";
		};
		88120A941DEC39EF00DCB9C4 /* LaunchScreen.storyboard */ = {
			isa = PBXVariantGroup;
			children = (
				88120A951DEC39EF00DCB9C4 /* Base */,
			);
			name = LaunchScreen.storyboard;
			sourceTree = "<group>";
		};
/* End PBXVariantGroup section */

/* Begin XCBuildConfiguration section */
		88120AAE1DEC39F000DCB9C4 /* Debug */ = {
			isa = XCBuildConfiguration;
			buildSettings = {
				ALWAYS_SEARCH_USER_PATHS = NO;
				CLANG_ANALYZER_NONNULL = YES;
				CLANG_CXX_LANGUAGE_STANDARD = "gnu++0x";
				CLANG_CXX_LIBRARY = "libc++";
				CLANG_ENABLE_MODULES = YES;
				CLANG_ENABLE_OBJC_ARC = YES;
				CLANG_WARN_BOOL_CONVERSION = YES;
				CLANG_WARN_CONSTANT_CONVERSION = YES;
				CLANG_WARN_DIRECT_OBJC_ISA_USAGE = YES_ERROR;
				CLANG_WARN_DOCUMENTATION_COMMENTS = YES;
				CLANG_WARN_EMPTY_BODY = YES;
				CLANG_WARN_ENUM_CONVERSION = YES;
				CLANG_WARN_INFINITE_RECURSION = YES;
				CLANG_WARN_INT_CONVERSION = YES;
				CLANG_WARN_OBJC_ROOT_CLASS = YES_ERROR;
				CLANG_WARN_SUSPICIOUS_MOVES = YES;
				CLANG_WARN_UNREACHABLE_CODE = YES;
				CLANG_WARN__DUPLICATE_METHOD_MATCH = YES;
				"CODE_SIGN_IDENTITY[sdk=iphoneos*]" = "iPhone Developer";
				COPY_PHASE_STRIP = NO;
				DEBUG_INFORMATION_FORMAT = dwarf;
				ENABLE_STRICT_OBJC_MSGSEND = YES;
				ENABLE_TESTABILITY = YES;
				GCC_C_LANGUAGE_STANDARD = gnu99;
				GCC_DYNAMIC_NO_PIC = NO;
				GCC_NO_COMMON_BLOCKS = YES;
				GCC_OPTIMIZATION_LEVEL = 0;
				GCC_PREPROCESSOR_DEFINITIONS = (
					"DEBUG=1",
					"$(inherited)",
				);
				GCC_WARN_64_TO_32_BIT_CONVERSION = YES;
				GCC_WARN_ABOUT_RETURN_TYPE = YES_ERROR;
				GCC_WARN_UNDECLARED_SELECTOR = YES;
				GCC_WARN_UNINITIALIZED_AUTOS = YES_AGGRESSIVE;
				GCC_WARN_UNUSED_FUNCTION = YES;
				GCC_WARN_UNUSED_VARIABLE = YES;
				IPHONEOS_DEPLOYMENT_TARGET = 10.0;
				MTL_ENABLE_DEBUG_INFO = YES;
				ONLY_ACTIVE_ARCH = YES;
				SDKROOT = iphoneos;
				SWIFT_ACTIVE_COMPILATION_CONDITIONS = DEBUG;
				SWIFT_OPTIMIZATION_LEVEL = "-Onone";
				TARGETED_DEVICE_FAMILY = "1,2";
			};
			name = Debug;
		};
		88120AAF1DEC39F000DCB9C4 /* Release */ = {
			isa = XCBuildConfiguration;
			buildSettings = {
				ALWAYS_SEARCH_USER_PATHS = NO;
				CLANG_ANALYZER_NONNULL = YES;
				CLANG_CXX_LANGUAGE_STANDARD = "gnu++0x";
				CLANG_CXX_LIBRARY = "libc++";
				CLANG_ENABLE_MODULES = YES;
				CLANG_ENABLE_OBJC_ARC = YES;
				CLANG_WARN_BOOL_CONVERSION = YES;
				CLANG_WARN_CONSTANT_CONVERSION = YES;
				CLANG_WARN_DIRECT_OBJC_ISA_USAGE = YES_ERROR;
				CLANG_WARN_DOCUMENTATION_COMMENTS = YES;
				CLANG_WARN_EMPTY_BODY = YES;
				CLANG_WARN_ENUM_CONVERSION = YES;
				CLANG_WARN_INFINITE_RECURSION = YES;
				CLANG_WARN_INT_CONVERSION = YES;
				CLANG_WARN_OBJC_ROOT_CLASS = YES_ERROR;
				CLANG_WARN_SUSPICIOUS_MOVES = YES;
				CLANG_WARN_UNREACHABLE_CODE = YES;
				CLANG_WARN__DUPLICATE_METHOD_MATCH = YES;
				"CODE_SIGN_IDENTITY[sdk=iphoneos*]" = "iPhone Developer";
				COPY_PHASE_STRIP = NO;
				DEBUG_INFORMATION_FORMAT = "dwarf-with-dsym";
				ENABLE_NS_ASSERTIONS = NO;
				ENABLE_STRICT_OBJC_MSGSEND = YES;
				GCC_C_LANGUAGE_STANDARD = gnu99;
				GCC_NO_COMMON_BLOCKS = YES;
				GCC_WARN_64_TO_32_BIT_CONVERSION = YES;
				GCC_WARN_ABOUT_RETURN_TYPE = YES_ERROR;
				GCC_WARN_UNDECLARED_SELECTOR = YES;
				GCC_WARN_UNINITIALIZED_AUTOS = YES_AGGRESSIVE;
				GCC_WARN_UNUSED_FUNCTION = YES;
				GCC_WARN_UNUSED_VARIABLE = YES;
				IPHONEOS_DEPLOYMENT_TARGET = 10.0;
				MTL_ENABLE_DEBUG_INFO = NO;
				SDKROOT = iphoneos;
				SWIFT_OPTIMIZATION_LEVEL = "-Owholemodule";
				TARGETED_DEVICE_FAMILY = "1,2";
				VALIDATE_PRODUCT = YES;
			};
			name = Release;
		};
		88120AB11DEC39F000DCB9C4 /* Debug */ = {
			isa = XCBuildConfiguration;
			buildSettings = {
				ASSETCATALOG_COMPILER_APPICON_NAME = AppIcon;
				INFOPLIST_FILE = "App_iOS_Over-Scene/Info.plist";
				LD_RUNPATH_SEARCH_PATHS = "$(inherited) @executable_path/Frameworks";
				PRODUCT_BUNDLE_IDENTIFIER = "com.wallinov.App-iOS-Over-Scene";
				PRODUCT_NAME = "$(TARGET_NAME)";
				SWIFT_VERSION = 3.0;
			};
			name = Debug;
		};
		88120AB21DEC39F000DCB9C4 /* Release */ = {
			isa = XCBuildConfiguration;
			buildSettings = {
				ASSETCATALOG_COMPILER_APPICON_NAME = AppIcon;
				INFOPLIST_FILE = "App_iOS_Over-Scene/Info.plist";
				LD_RUNPATH_SEARCH_PATHS = "$(inherited) @executable_path/Frameworks";
				PRODUCT_BUNDLE_IDENTIFIER = "com.wallinov.App-iOS-Over-Scene";
				PRODUCT_NAME = "$(TARGET_NAME)";
				SWIFT_VERSION = 3.0;
			};
			name = Release;
		};
		88120AB41DEC39F000DCB9C4 /* Debug */ = {
			isa = XCBuildConfiguration;
			buildSettings = {
				ALWAYS_EMBED_SWIFT_STANDARD_LIBRARIES = YES;
				BUNDLE_LOADER = "$(TEST_HOST)";
				INFOPLIST_FILE = "App_iOS_Over-SceneTests/Info.plist";
				LD_RUNPATH_SEARCH_PATHS = "$(inherited) @executable_path/Frameworks @loader_path/Frameworks";
				PRODUCT_BUNDLE_IDENTIFIER = "com.wallinov.App-iOS-Over-SceneTests";
				PRODUCT_NAME = "$(TARGET_NAME)";
				SWIFT_VERSION = 3.0;
				TEST_HOST = "$(BUILT_PRODUCTS_DIR)/App_iOS_Over-Scene.app/App_iOS_Over-Scene";
			};
			name = Debug;
		};
		88120AB51DEC39F000DCB9C4 /* Release */ = {
			isa = XCBuildConfiguration;
			buildSettings = {
				ALWAYS_EMBED_SWIFT_STANDARD_LIBRARIES = YES;
				BUNDLE_LOADER = "$(TEST_HOST)";
				INFOPLIST_FILE = "App_iOS_Over-SceneTests/Info.plist";
				LD_RUNPATH_SEARCH_PATHS = "$(inherited) @executable_path/Frameworks @loader_path/Frameworks";
				PRODUCT_BUNDLE_IDENTIFIER = "com.wallinov.App-iOS-Over-SceneTests";
				PRODUCT_NAME = "$(TARGET_NAME)";
				SWIFT_VERSION = 3.0;
				TEST_HOST = "$(BUILT_PRODUCTS_DIR)/App_iOS_Over-Scene.app/App_iOS_Over-Scene";
			};
			name = Release;
		};
		88120AB71DEC39F000DCB9C4 /* Debug */ = {
			isa = XCBuildConfiguration;
			buildSettings = {
				ALWAYS_EMBED_SWIFT_STANDARD_LIBRARIES = YES;
				INFOPLIST_FILE = "App_iOS_Over-SceneUITests/Info.plist";
				LD_RUNPATH_SEARCH_PATHS = "$(inherited) @executable_path/Frameworks @loader_path/Frameworks";
				PRODUCT_BUNDLE_IDENTIFIER = "com.wallinov.App-iOS-Over-SceneUITests";
				PRODUCT_NAME = "$(TARGET_NAME)";
				SWIFT_VERSION = 3.0;
				TEST_TARGET_NAME = "App_iOS_Over-Scene";
			};
			name = Debug;
		};
		88120AB81DEC39F000DCB9C4 /* Release */ = {
			isa = XCBuildConfiguration;
			buildSettings = {
				ALWAYS_EMBED_SWIFT_STANDARD_LIBRARIES = YES;
				INFOPLIST_FILE = "App_iOS_Over-SceneUITests/Info.plist";
				LD_RUNPATH_SEARCH_PATHS = "$(inherited) @executable_path/Frameworks @loader_path/Frameworks";
				PRODUCT_BUNDLE_IDENTIFIER = "com.wallinov.App-iOS-Over-SceneUITests";
				PRODUCT_NAME = "$(TARGET_NAME)";
				SWIFT_VERSION = 3.0;
				TEST_TARGET_NAME = "App_iOS_Over-Scene";
			};
			name = Release;
		};
/* End XCBuildConfiguration section */

/* Begin XCConfigurationList section */
		88120A831DEC39EF00DCB9C4 /* Build configuration list for PBXProject "App_iOS_Over-Scene" */ = {
			isa = XCConfigurationList;
			buildConfigurations = (
				88120AAE1DEC39F000DCB9C4 /* Debug */,
				88120AAF1DEC39F000DCB9C4 /* Release */,
			);
			defaultConfigurationIsVisible = 0;
			defaultConfigurationName = Release;
		};
		88120AB01DEC39F000DCB9C4 /* Build configuration list for PBXNativeTarget "App_iOS_Over-Scene" */ = {
			isa = XCConfigurationList;
			buildConfigurations = (
				88120AB11DEC39F000DCB9C4 /* Debug */,
				88120AB21DEC39F000DCB9C4 /* Release */,
			);
			defaultConfigurationIsVisible = 0;
		};
		88120AB31DEC39F000DCB9C4 /* Build configuration list for PBXNativeTarget "App_iOS_Over-SceneTests" */ = {
			isa = XCConfigurationList;
			buildConfigurations = (
				88120AB41DEC39F000DCB9C4 /* Debug */,
				88120AB51DEC39F000DCB9C4 /* Release */,
			);
			defaultConfigurationIsVisible = 0;
		};
		88120AB61DEC39F000DCB9C4 /* Build configuration list for PBXNativeTarget "App_iOS_Over-SceneUITests" */ = {
			isa = XCConfigurationList;
			buildConfigurations = (
				88120AB71DEC39F000DCB9C4 /* Debug */,
				88120AB81DEC39F000DCB9C4 /* Release */,
			);
			defaultConfigurationIsVisible = 0;
		};
/* End XCConfigurationList section */
	};
	rootObject = 88120A801DEC39EF00DCB9C4 /* Project object */;
}
